
Microsoft Visual Studio Solution File, Format Version 12.00
# Visual Studio Version 16
VisualStudioVersion = 16.0.30503.244
MinimumVisualStudioVersion = 10.0.40219.1
Project("{FAE04EC0-301F-11D3-BF4B-00C04F79EFBC}") = "TransporteTerresteCore", "TransporteTerresteCore\TransporteTerresteCore.csproj", "{1B01F5F2-25B5-482B-88AD-1CE2174BCDB7}"
EndProject
Global
	GlobalSection(SolutionConfigurationPlatforms) = preSolution
		Debug|Any CPU = Debug|Any CPU
		Release|Any CPU = Release|Any CPU
	EndGlobalSection
	GlobalSection(ProjectConfigurationPlatforms) = postSolution
		{1B01F5F2-25B5-482B-88AD-1CE2174BCDB7}.Debug|Any CPU.ActiveCfg = Debug|Any CPU
		{1B01F5F2-25B5-482B-88AD-1CE2174BCDB7}.Debug|Any CPU.Build.0 = Debug|Any CPU
		{1B01F5F2-25B5-482B-88AD-1CE2174BCDB7}.Release|Any CPU.ActiveCfg = Release|Any CPU
		{1B01F5F2-25B5-482B-88AD-1CE2174BCDB7}.Release|Any CPU.Build.0 = Release|Any CPU
	EndGlobalSection
	GlobalSection(SolutionProperties) = preSolution
		HideSolutionNode = FALSE
	EndGlobalSection
	GlobalSection(ExtensibilityGlobals) = postSolution
		SolutionGuid = {0A0B7159-E62B-4C24-A98A-32804EC25B83}
	EndGlobalSection
EndGlobal
